// !$*UTF8*$!
{
	archiveVersion = 1;
	classes = {
	};
	objectVersion = 55;
	objects = {

/* Begin PBXBuildFile section */
		7BC5886A52E489D82F8AB82A /* Pods_HackIKTIB.framework in Frameworks */ = {isa = PBXBuildFile; fileRef = A3A0200BABE314372AB81ACE /* Pods_HackIKTIB.framework */; };
		A546F56527147EED00C2E241 /* PointOfJuryCell.swift in Sources */ = {isa = PBXBuildFile; fileRef = A546F56427147EED00C2E241 /* PointOfJuryCell.swift */; };
		A5AB005F27393C9F008E5AC9 /* User.swift in Sources */ = {isa = PBXBuildFile; fileRef = A5AB005E27393C9F008E5AC9 /* User.swift */; };
		A5AB006127393D65008E5AC9 /* AuthSend.swift in Sources */ = {isa = PBXBuildFile; fileRef = A5AB006027393D65008E5AC9 /* AuthSend.swift */; };
		F302FEBA273FDD0B0027C3A1 /* MarkSend.swift in Sources */ = {isa = PBXBuildFile; fileRef = F302FEB9273FDD0B0027C3A1 /* MarkSend.swift */; };
		F3232DCF273D7E1200345694 /* Сases.swift in Sources */ = {isa = PBXBuildFile; fileRef = F3232DCE273D7E1200345694 /* Сases.swift */; };
		F34884BD270C2F5D005B9E5C /* AppDelegate.swift in Sources */ = {isa = PBXBuildFile; fileRef = F34884BC270C2F5D005B9E5C /* AppDelegate.swift */; };
		F34884BF270C2F5D005B9E5C /* SceneDelegate.swift in Sources */ = {isa = PBXBuildFile; fileRef = F34884BE270C2F5D005B9E5C /* SceneDelegate.swift */; };
		F34884C1270C2F5D005B9E5C /* SignView.swift in Sources */ = {isa = PBXBuildFile; fileRef = F34884C0270C2F5D005B9E5C /* SignView.swift */; };
		F34884C6270C2F61005B9E5C /* Assets.xcassets in Resources */ = {isa = PBXBuildFile; fileRef = F34884C5270C2F61005B9E5C /* Assets.xcassets */; };
		F3511938270D6ACC005E5D7D /* DescribeView.swift in Sources */ = {isa = PBXBuildFile; fileRef = F3511937270D6ACC005E5D7D /* DescribeView.swift */; };
		F351193B270D80F9005E5D7D /* TeamView.swift in Sources */ = {isa = PBXBuildFile; fileRef = F351193A270D80F9005E5D7D /* TeamView.swift */; };
		F351193D270D8104005E5D7D /* TeamPresenter.swift in Sources */ = {isa = PBXBuildFile; fileRef = F351193C270D8104005E5D7D /* TeamPresenter.swift */; };
		F351193F270D810B005E5D7D /* TeamModel.swift in Sources */ = {isa = PBXBuildFile; fileRef = F351193E270D810B005E5D7D /* TeamModel.swift */; };
		F3550E4F270C8F56004951BA /* MainScreen.swift in Sources */ = {isa = PBXBuildFile; fileRef = F3550E4E270C8F56004951BA /* MainScreen.swift */; };
		F3550E51270C920D004951BA /* SignPresenter.swift in Sources */ = {isa = PBXBuildFile; fileRef = F3550E50270C920D004951BA /* SignPresenter.swift */; };
		F3550E53270C9234004951BA /* SignModel.swift in Sources */ = {isa = PBXBuildFile; fileRef = F3550E52270C9234004951BA /* SignModel.swift */; };
		F3D63C7C270CCA45007134EA /* MainPresenter.swift in Sources */ = {isa = PBXBuildFile; fileRef = F3D63C7B270CCA45007134EA /* MainPresenter.swift */; };
		F3D63C7E270CCA4F007134EA /* MainModel.swift in Sources */ = {isa = PBXBuildFile; fileRef = F3D63C7D270CCA4F007134EA /* MainModel.swift */; };
		F3D63C81270CCD65007134EA /* ProjectView.swift in Sources */ = {isa = PBXBuildFile; fileRef = F3D63C80270CCD65007134EA /* ProjectView.swift */; };
		F3D63C83270CCD70007134EA /* ProjectPresenter.swift in Sources */ = {isa = PBXBuildFile; fileRef = F3D63C82270CCD70007134EA /* ProjectPresenter.swift */; };
		F3D63C85270CCD75007134EA /* ProjectModel.swift in Sources */ = {isa = PBXBuildFile; fileRef = F3D63C84270CCD75007134EA /* ProjectModel.swift */; };
/* End PBXBuildFile section */

/* Begin PBXFileReference section */
		16717CB3F9BD40811DB6DDE3 /* Pods-HackIKTIB.debug.xcconfig */ = {isa = PBXFileReference; includeInIndex = 1; lastKnownFileType = text.xcconfig; name = "Pods-HackIKTIB.debug.xcconfig"; path = "Target Support Files/Pods-HackIKTIB/Pods-HackIKTIB.debug.xcconfig"; sourceTree = "<group>"; };
		2307E3CC0F1FCB64D0B2A630 /* Pods-HackIKTIB.release.xcconfig */ = {isa = PBXFileReference; includeInIndex = 1; lastKnownFileType = text.xcconfig; name = "Pods-HackIKTIB.release.xcconfig"; path = "Target Support Files/Pods-HackIKTIB/Pods-HackIKTIB.release.xcconfig"; sourceTree = "<group>"; };
		A3A0200BABE314372AB81ACE /* Pods_HackIKTIB.framework */ = {isa = PBXFileReference; explicitFileType = wrapper.framework; includeInIndex = 0; path = Pods_HackIKTIB.framework; sourceTree = BUILT_PRODUCTS_DIR; };
		A546F56427147EED00C2E241 /* PointOfJuryCell.swift */ = {isa = PBXFileReference; lastKnownFileType = sourcecode.swift; path = PointOfJuryCell.swift; sourceTree = "<group>"; };
		A5AB005E27393C9F008E5AC9 /* User.swift */ = {isa = PBXFileReference; lastKnownFileType = sourcecode.swift; path = User.swift; sourceTree = "<group>"; };
		A5AB006027393D65008E5AC9 /* AuthSend.swift */ = {isa = PBXFileReference; lastKnownFileType = sourcecode.swift; path = AuthSend.swift; sourceTree = "<group>"; };
		F302FEB9273FDD0B0027C3A1 /* MarkSend.swift */ = {isa = PBXFileReference; lastKnownFileType = sourcecode.swift; path = MarkSend.swift; sourceTree = "<group>"; };
		F3232DCE273D7E1200345694 /* Сases.swift */ = {isa = PBXFileReference; lastKnownFileType = sourcecode.swift; path = "Сases.swift"; sourceTree = "<group>"; };
		F34884B9270C2F5D005B9E5C /* HackIKTIB.app */ = {isa = PBXFileReference; explicitFileType = wrapper.application; includeInIndex = 0; path = HackIKTIB.app; sourceTree = BUILT_PRODUCTS_DIR; };
		F34884BC270C2F5D005B9E5C /* AppDelegate.swift */ = {isa = PBXFileReference; lastKnownFileType = sourcecode.swift; path = AppDelegate.swift; sourceTree = "<group>"; };
		F34884BE270C2F5D005B9E5C /* SceneDelegate.swift */ = {isa = PBXFileReference; lastKnownFileType = sourcecode.swift; path = SceneDelegate.swift; sourceTree = "<group>"; };
		F34884C0270C2F5D005B9E5C /* SignView.swift */ = {isa = PBXFileReference; lastKnownFileType = sourcecode.swift; path = SignView.swift; sourceTree = "<group>"; };
		F34884C5270C2F61005B9E5C /* Assets.xcassets */ = {isa = PBXFileReference; lastKnownFileType = folder.assetcatalog; path = Assets.xcassets; sourceTree = "<group>"; };
		F34884CA270C2F61005B9E5C /* Info.plist */ = {isa = PBXFileReference; lastKnownFileType = text.plist.xml; path = Info.plist; sourceTree = "<group>"; };
		F3511937270D6ACC005E5D7D /* DescribeView.swift */ = {isa = PBXFileReference; lastKnownFileType = sourcecode.swift; path = DescribeView.swift; sourceTree = "<group>"; };
		F351193A270D80F9005E5D7D /* TeamView.swift */ = {isa = PBXFileReference; lastKnownFileType = sourcecode.swift; path = TeamView.swift; sourceTree = "<group>"; };
		F351193C270D8104005E5D7D /* TeamPresenter.swift */ = {isa = PBXFileReference; lastKnownFileType = sourcecode.swift; path = TeamPresenter.swift; sourceTree = "<group>"; };
		F351193E270D810B005E5D7D /* TeamModel.swift */ = {isa = PBXFileReference; lastKnownFileType = sourcecode.swift; path = TeamModel.swift; sourceTree = "<group>"; };
		F3550E4E270C8F56004951BA /* MainScreen.swift */ = {isa = PBXFileReference; lastKnownFileType = sourcecode.swift; path = MainScreen.swift; sourceTree = "<group>"; };
		F3550E50270C920D004951BA /* SignPresenter.swift */ = {isa = PBXFileReference; lastKnownFileType = sourcecode.swift; path = SignPresenter.swift; sourceTree = "<group>"; };
		F3550E52270C9234004951BA /* SignModel.swift */ = {isa = PBXFileReference; lastKnownFileType = sourcecode.swift; path = SignModel.swift; sourceTree = "<group>"; };
		F3D63C7B270CCA45007134EA /* MainPresenter.swift */ = {isa = PBXFileReference; lastKnownFileType = sourcecode.swift; path = MainPresenter.swift; sourceTree = "<group>"; };
		F3D63C7D270CCA4F007134EA /* MainModel.swift */ = {isa = PBXFileReference; lastKnownFileType = sourcecode.swift; path = MainModel.swift; sourceTree = "<group>"; };
		F3D63C80270CCD65007134EA /* ProjectView.swift */ = {isa = PBXFileReference; lastKnownFileType = sourcecode.swift; path = ProjectView.swift; sourceTree = "<group>"; };
		F3D63C82270CCD70007134EA /* ProjectPresenter.swift */ = {isa = PBXFileReference; lastKnownFileType = sourcecode.swift; path = ProjectPresenter.swift; sourceTree = "<group>"; };
		F3D63C84270CCD75007134EA /* ProjectModel.swift */ = {isa = PBXFileReference; lastKnownFileType = sourcecode.swift; path = ProjectModel.swift; sourceTree = "<group>"; };
/* End PBXFileReference section */

/* Begin PBXFrameworksBuildPhase section */
		F34884B6270C2F5D005B9E5C /* Frameworks */ = {
			isa = PBXFrameworksBuildPhase;
			buildActionMask = 2147483647;
			files = (
				7BC5886A52E489D82F8AB82A /* Pods_HackIKTIB.framework in Frameworks */,
			);
			runOnlyForDeploymentPostprocessing = 0;
		};
/* End PBXFrameworksBuildPhase section */

/* Begin PBXGroup section */
		497189129160FA87B1D9D552 /* Pods */ = {
			isa = PBXGroup;
			children = (
				16717CB3F9BD40811DB6DDE3 /* Pods-HackIKTIB.debug.xcconfig */,
				2307E3CC0F1FCB64D0B2A630 /* Pods-HackIKTIB.release.xcconfig */,
			);
			path = Pods;
			sourceTree = "<group>";
		};
		9FA184D90021FEA90DAD0CA2 /* Frameworks */ = {
			isa = PBXGroup;
			children = (
				A3A0200BABE314372AB81ACE /* Pods_HackIKTIB.framework */,
			);
			name = Frameworks;
			sourceTree = "<group>";
		};
		A5F8049E2726DA880045A56B /* Models */ = {
			isa = PBXGroup;
			children = (
				F3511937270D6ACC005E5D7D /* DescribeView.swift */,
				A546F56427147EED00C2E241 /* PointOfJuryCell.swift */,
				A5AB005E27393C9F008E5AC9 /* User.swift */,
				A5AB006027393D65008E5AC9 /* AuthSend.swift */,
				F3232DCE273D7E1200345694 /* Сases.swift */,
				F302FEB9273FDD0B0027C3A1 /* MarkSend.swift */,
			);
			path = Models;
			sourceTree = "<group>";
		};
		F34884B0270C2F5D005B9E5C = {
			isa = PBXGroup;
			children = (
				F34884BB270C2F5D005B9E5C /* HackIKTIB */,
				F34884BA270C2F5D005B9E5C /* Products */,
				497189129160FA87B1D9D552 /* Pods */,
				9FA184D90021FEA90DAD0CA2 /* Frameworks */,
			);
			sourceTree = "<group>";
		};
		F34884BA270C2F5D005B9E5C /* Products */ = {
			isa = PBXGroup;
			children = (
				F34884B9270C2F5D005B9E5C /* HackIKTIB.app */,
			);
			name = Products;
			sourceTree = "<group>";
		};
		F34884BB270C2F5D005B9E5C /* HackIKTIB */ = {
			isa = PBXGroup;
			children = (
				A5F8049E2726DA880045A56B /* Models */,
				F34884BC270C2F5D005B9E5C /* AppDelegate.swift */,
				F34884BE270C2F5D005B9E5C /* SceneDelegate.swift */,
				F34884D0270C2FB6005B9E5C /* Sign in */,
				F3550E4D270C8BC7004951BA /* Main Screen */,
				F3D63C7F270CCD3E007134EA /* Project Screen */,
				F3511939270D80E2005E5D7D /* Team Screen */,
				F34884C5270C2F61005B9E5C /* Assets.xcassets */,
				F34884CA270C2F61005B9E5C /* Info.plist */,
			);
			path = HackIKTIB;
			sourceTree = "<group>";
		};
		F34884D0270C2FB6005B9E5C /* Sign in */ = {
			isa = PBXGroup;
			children = (
				F34884C0270C2F5D005B9E5C /* SignView.swift */,
				F3550E50270C920D004951BA /* SignPresenter.swift */,
				F3550E52270C9234004951BA /* SignModel.swift */,
			);
			path = "Sign in";
			sourceTree = "<group>";
		};
		F3511939270D80E2005E5D7D /* Team Screen */ = {
			isa = PBXGroup;
			children = (
				F351193A270D80F9005E5D7D /* TeamView.swift */,
				F351193C270D8104005E5D7D /* TeamPresenter.swift */,
				F351193E270D810B005E5D7D /* TeamModel.swift */,
			);
			path = "Team Screen";
			sourceTree = "<group>";
		};
		F3550E4D270C8BC7004951BA /* Main Screen */ = {
			isa = PBXGroup;
			children = (
				F3550E4E270C8F56004951BA /* MainScreen.swift */,
				F3D63C7B270CCA45007134EA /* MainPresenter.swift */,
				F3D63C7D270CCA4F007134EA /* MainModel.swift */,
			);
			path = "Main Screen";
			sourceTree = "<group>";
		};
		F3D63C7F270CCD3E007134EA /* Project Screen */ = {
			isa = PBXGroup;
			children = (
				F3D63C80270CCD65007134EA /* ProjectView.swift */,
				F3D63C82270CCD70007134EA /* ProjectPresenter.swift */,
				F3D63C84270CCD75007134EA /* ProjectModel.swift */,
			);
			path = "Project Screen";
			sourceTree = "<group>";
		};
/* End PBXGroup section */

/* Begin PBXNativeTarget section */
		F34884B8270C2F5D005B9E5C /* HackIKTIB */ = {
			isa = PBXNativeTarget;
			buildConfigurationList = F34884CD270C2F61005B9E5C /* Build configuration list for PBXNativeTarget "HackIKTIB" */;
			buildPhases = (
				02A4E7A4A9DC40E6F860BAA1 /* [CP] Check Pods Manifest.lock */,
				F34884B5270C2F5D005B9E5C /* Sources */,
				F34884B6270C2F5D005B9E5C /* Frameworks */,
				F34884B7270C2F5D005B9E5C /* Resources */,
				46B725C889613BB4ECB22690 /* [CP] Embed Pods Frameworks */,
			);
			buildRules = (
			);
			dependencies = (
			);
			name = HackIKTIB;
			productName = HackIKTIB;
			productReference = F34884B9270C2F5D005B9E5C /* HackIKTIB.app */;
			productType = "com.apple.product-type.application";
		};
/* End PBXNativeTarget section */

/* Begin PBXProject section */
		F34884B1270C2F5D005B9E5C /* Project object */ = {
			isa = PBXProject;
			attributes = {
				BuildIndependentTargetsInParallel = 1;
				LastSwiftUpdateCheck = 1300;
				LastUpgradeCheck = 1300;
				TargetAttributes = {
					F34884B8270C2F5D005B9E5C = {
						CreatedOnToolsVersion = 13.0;
					};
				};
			};
			buildConfigurationList = F34884B4270C2F5D005B9E5C /* Build configuration list for PBXProject "HackIKTIB" */;
			compatibilityVersion = "Xcode 13.0";
			developmentRegion = en;
			hasScannedForEncodings = 0;
			knownRegions = (
				en,
				Base,
			);
			mainGroup = F34884B0270C2F5D005B9E5C;
			productRefGroup = F34884BA270C2F5D005B9E5C /* Products */;
			projectDirPath = "";
			projectRoot = "";
			targets = (
				F34884B8270C2F5D005B9E5C /* HackIKTIB */,
			);
		};
/* End PBXProject section */

/* Begin PBXResourcesBuildPhase section */
		F34884B7270C2F5D005B9E5C /* Resources */ = {
			isa = PBXResourcesBuildPhase;
			buildActionMask = 2147483647;
			files = (
				F34884C6270C2F61005B9E5C /* Assets.xcassets in Resources */,
			);
			runOnlyForDeploymentPostprocessing = 0;
		};
/* End PBXResourcesBuildPhase section */

/* Begin PBXShellScriptBuildPhase section */
		02A4E7A4A9DC40E6F860BAA1 /* [CP] Check Pods Manifest.lock */ = {
			isa = PBXShellScriptBuildPhase;
			buildActionMask = 2147483647;
			files = (
			);
			inputFileListPaths = (
			);
			inputPaths = (
				"${PODS_PODFILE_DIR_PATH}/Podfile.lock",
				"${PODS_ROOT}/Manifest.lock",
			);
			name = "[CP] Check Pods Manifest.lock";
			outputFileListPaths = (
			);
			outputPaths = (
				"$(DERIVED_FILE_DIR)/Pods-HackIKTIB-checkManifestLockResult.txt",
			);
			runOnlyForDeploymentPostprocessing = 0;
			shellPath = /bin/sh;
			shellScript = "diff \"${PODS_PODFILE_DIR_PATH}/Podfile.lock\" \"${PODS_ROOT}/Manifest.lock\" > /dev/null\nif [ $? != 0 ] ; then\n    # print error to STDERR\n    echo \"error: The sandbox is not in sync with the Podfile.lock. Run 'pod install' or update your CocoaPods installation.\" >&2\n    exit 1\nfi\n# This output is used by Xcode 'outputs' to avoid re-running this script phase.\necho \"SUCCESS\" > \"${SCRIPT_OUTPUT_FILE_0}\"\n";
			showEnvVarsInLog = 0;
		};
		46B725C889613BB4ECB22690 /* [CP] Embed Pods Frameworks */ = {
			isa = PBXShellScriptBuildPhase;
			buildActionMask = 2147483647;
			files = (
			);
			inputFileListPaths = (
				"${PODS_ROOT}/Target Support Files/Pods-HackIKTIB/Pods-HackIKTIB-frameworks-${CONFIGURATION}-input-files.xcfilelist",
			);
			name = "[CP] Embed Pods Frameworks";
			outputFileListPaths = (
				"${PODS_ROOT}/Target Support Files/Pods-HackIKTIB/Pods-HackIKTIB-frameworks-${CONFIGURATION}-output-files.xcfilelist",
			);
			runOnlyForDeploymentPostprocessing = 0;
			shellPath = /bin/sh;
			shellScript = "\"${PODS_ROOT}/Target Support Files/Pods-HackIKTIB/Pods-HackIKTIB-frameworks.sh\"\n";
			showEnvVarsInLog = 0;
		};
/* End PBXShellScriptBuildPhase section */

/* Begin PBXSourcesBuildPhase section */
		F34884B5270C2F5D005B9E5C /* Sources */ = {
			isa = PBXSourcesBuildPhase;
			buildActionMask = 2147483647;
			files = (
				F3D63C7E270CCA4F007134EA /* MainModel.swift in Sources */,
				F3D63C83270CCD70007134EA /* ProjectPresenter.swift in Sources */,
				F302FEBA273FDD0B0027C3A1 /* MarkSend.swift in Sources */,
				F3550E53270C9234004951BA /* SignModel.swift in Sources */,
				A5AB006127393D65008E5AC9 /* AuthSend.swift in Sources */,
				F3550E51270C920D004951BA /* SignPresenter.swift in Sources */,
				F3550E4F270C8F56004951BA /* MainScreen.swift in Sources */,
				F351193B270D80F9005E5D7D /* TeamView.swift in Sources */,
				F3511938270D6ACC005E5D7D /* DescribeView.swift in Sources */,
				F34884C1270C2F5D005B9E5C /* SignView.swift in Sources */,
				F34884BD270C2F5D005B9E5C /* AppDelegate.swift in Sources */,
				A546F56527147EED00C2E241 /* PointOfJuryCell.swift in Sources */,
				F3D63C7C270CCA45007134EA /* MainPresenter.swift in Sources */,
				F3D63C85270CCD75007134EA /* ProjectModel.swift in Sources */,
				F351193F270D810B005E5D7D /* TeamModel.swift in Sources */,
				A5AB005F27393C9F008E5AC9 /* User.swift in Sources */,
				F34884BF270C2F5D005B9E5C /* SceneDelegate.swift in Sources */,
				F3232DCF273D7E1200345694 /* Сases.swift in Sources */,
				F3D63C81270CCD65007134EA /* ProjectView.swift in Sources */,
				F351193D270D8104005E5D7D /* TeamPresenter.swift in Sources */,
			);
			runOnlyForDeploymentPostprocessing = 0;
		};
/* End PBXSourcesBuildPhase section */

/* Begin XCBuildConfiguration section */
		F34884CB270C2F61005B9E5C /* Debug */ = {
			isa = XCBuildConfiguration;
			buildSettings = {
				ALWAYS_SEARCH_USER_PATHS = NO;
				CLANG_ANALYZER_NONNULL = YES;
				CLANG_ANALYZER_NUMBER_OBJECT_CONVERSION = YES_AGGRESSIVE;
				CLANG_CXX_LANGUAGE_STANDARD = "gnu++17";
				CLANG_CXX_LIBRARY = "libc++";
				CLANG_ENABLE_MODULES = YES;
				CLANG_ENABLE_OBJC_ARC = YES;
				CLANG_ENABLE_OBJC_WEAK = YES;
				CLANG_WARN_BLOCK_CAPTURE_AUTORELEASING = YES;
				CLANG_WARN_BOOL_CONVERSION = YES;
				CLANG_WARN_COMMA = YES;
				CLANG_WARN_CONSTANT_CONVERSION = YES;
				CLANG_WARN_DEPRECATED_OBJC_IMPLEMENTATIONS = YES;
				CLANG_WARN_DIRECT_OBJC_ISA_USAGE = YES_ERROR;
				CLANG_WARN_DOCUMENTATION_COMMENTS = YES;
				CLANG_WARN_EMPTY_BODY = YES;
				CLANG_WARN_ENUM_CONVERSION = YES;
				CLANG_WARN_INFINITE_RECURSION = YES;
				CLANG_WARN_INT_CONVERSION = YES;
				CLANG_WARN_NON_LITERAL_NULL_CONVERSION = YES;
				CLANG_WARN_OBJC_IMPLICIT_RETAIN_SELF = YES;
				CLANG_WARN_OBJC_LITERAL_CONVERSION = YES;
				CLANG_WARN_OBJC_ROOT_CLASS = YES_ERROR;
				CLANG_WARN_QUOTED_INCLUDE_IN_FRAMEWORK_HEADER = YES;
				CLANG_WARN_RANGE_LOOP_ANALYSIS = YES;
				CLANG_WARN_STRICT_PROTOTYPES = YES;
				CLANG_WARN_SUSPICIOUS_MOVE = YES;
				CLANG_WARN_UNGUARDED_AVAILABILITY = YES_AGGRESSIVE;
				CLANG_WARN_UNREACHABLE_CODE = YES;
				CLANG_WARN__DUPLICATE_METHOD_MATCH = YES;
				COPY_PHASE_STRIP = NO;
				DEBUG_INFORMATION_FORMAT = dwarf;
				ENABLE_STRICT_OBJC_MSGSEND = YES;
				ENABLE_TESTABILITY = YES;
				GCC_C_LANGUAGE_STANDARD = gnu11;
				GCC_DYNAMIC_NO_PIC = NO;
				GCC_NO_COMMON_BLOCKS = YES;
				GCC_OPTIMIZATION_LEVEL = 0;
				GCC_PREPROCESSOR_DEFINITIONS = (
					"DEBUG=1",
					"$(inherited)",
				);
				GCC_WARN_64_TO_32_BIT_CONVERSION = YES;
				GCC_WARN_ABOUT_RETURN_TYPE = YES_ERROR;
				GCC_WARN_UNDECLARED_SELECTOR = YES;
				GCC_WARN_UNINITIALIZED_AUTOS = YES_AGGRESSIVE;
				GCC_WARN_UNUSED_FUNCTION = YES;
				GCC_WARN_UNUSED_VARIABLE = YES;
				IPHONEOS_DEPLOYMENT_TARGET = 14.7;
				MTL_ENABLE_DEBUG_INFO = INCLUDE_SOURCE;
				MTL_FAST_MATH = YES;
				ONLY_ACTIVE_ARCH = YES;
				SDKROOT = iphoneos;
				SWIFT_ACTIVE_COMPILATION_CONDITIONS = DEBUG;
				SWIFT_OPTIMIZATION_LEVEL = "-Onone";
			};
			name = Debug;
		};
		F34884CC270C2F61005B9E5C /* Release */ = {
			isa = XCBuildConfiguration;
			buildSettings = {
				ALWAYS_SEARCH_USER_PATHS = NO;
				CLANG_ANALYZER_NONNULL = YES;
				CLANG_ANALYZER_NUMBER_OBJECT_CONVERSION = YES_AGGRESSIVE;
				CLANG_CXX_LANGUAGE_STANDARD = "gnu++17";
				CLANG_CXX_LIBRARY = "libc++";
				CLANG_ENABLE_MODULES = YES;
				CLANG_ENABLE_OBJC_ARC = YES;
				CLANG_ENABLE_OBJC_WEAK = YES;
				CLANG_WARN_BLOCK_CAPTURE_AUTORELEASING = YES;
				CLANG_WARN_BOOL_CONVERSION = YES;
				CLANG_WARN_COMMA = YES;
				CLANG_WARN_CONSTANT_CONVERSION = YES;
				CLANG_WARN_DEPRECATED_OBJC_IMPLEMENTATIONS = YES;
				CLANG_WARN_DIRECT_OBJC_ISA_USAGE = YES_ERROR;
				CLANG_WARN_DOCUMENTATION_COMMENTS = YES;
				CLANG_WARN_EMPTY_BODY = YES;
				CLANG_WARN_ENUM_CONVERSION = YES;
				CLANG_WARN_INFINITE_RECURSION = YES;
				CLANG_WARN_INT_CONVERSION = YES;
				CLANG_WARN_NON_LITERAL_NULL_CONVERSION = YES;
				CLANG_WARN_OBJC_IMPLICIT_RETAIN_SELF = YES;
				CLANG_WARN_OBJC_LITERAL_CONVERSION = YES;
				CLANG_WARN_OBJC_ROOT_CLASS = YES_ERROR;
				CLANG_WARN_QUOTED_INCLUDE_IN_FRAMEWORK_HEADER = YES;
				CLANG_WARN_RANGE_LOOP_ANALYSIS = YES;
				CLANG_WARN_STRICT_PROTOTYPES = YES;
				CLANG_WARN_SUSPICIOUS_MOVE = YES;
				CLANG_WARN_UNGUARDED_AVAILABILITY = YES_AGGRESSIVE;
				CLANG_WARN_UNREACHABLE_CODE = YES;
				CLANG_WARN__DUPLICATE_METHOD_MATCH = YES;
				COPY_PHASE_STRIP = NO;
				DEBUG_INFORMATION_FORMAT = "dwarf-with-dsym";
				ENABLE_NS_ASSERTIONS = NO;
				ENABLE_STRICT_OBJC_MSGSEND = YES;
				GCC_C_LANGUAGE_STANDARD = gnu11;
				GCC_NO_COMMON_BLOCKS = YES;
				GCC_WARN_64_TO_32_BIT_CONVERSION = YES;
				GCC_WARN_ABOUT_RETURN_TYPE = YES_ERROR;
				GCC_WARN_UNDECLARED_SELECTOR = YES;
				GCC_WARN_UNINITIALIZED_AUTOS = YES_AGGRESSIVE;
				GCC_WARN_UNUSED_FUNCTION = YES;
				GCC_WARN_UNUSED_VARIABLE = YES;
				IPHONEOS_DEPLOYMENT_TARGET = 14.7;
				MTL_ENABLE_DEBUG_INFO = NO;
				MTL_FAST_MATH = YES;
				SDKROOT = iphoneos;
				SWIFT_COMPILATION_MODE = wholemodule;
				SWIFT_OPTIMIZATION_LEVEL = "-O";
				VALIDATE_PRODUCT = YES;
			};
			name = Release;
		};
		F34884CE270C2F61005B9E5C /* Debug */ = {
			isa = XCBuildConfiguration;
			baseConfigurationReference = 16717CB3F9BD40811DB6DDE3 /* Pods-HackIKTIB.debug.xcconfig */;
			buildSettings = {
				ASSETCATALOG_COMPILER_APPICON_NAME = AppIcon;
				ASSETCATALOG_COMPILER_GLOBAL_ACCENT_COLOR_NAME = AccentColor;
				CODE_SIGN_IDENTITY = "Apple Development";
				CODE_SIGN_STYLE = Automatic;
				CURRENT_PROJECT_VERSION = 1;
				DEVELOPMENT_TEAM = RBRFGT8CHB;
				GENERATE_INFOPLIST_FILE = YES;
				INFOPLIST_FILE = HackIKTIB/Info.plist;
				INFOPLIST_KEY_CFBundleDisplayName = "Cyber Garden";
				INFOPLIST_KEY_UIApplicationSupportsIndirectInputEvents = YES;
				INFOPLIST_KEY_UILaunchStoryboardName = LaunchScreen;
				INFOPLIST_KEY_UISupportedInterfaceOrientations = "";
				INFOPLIST_KEY_UISupportedInterfaceOrientations_iPad = "UIInterfaceOrientationPortrait UIInterfaceOrientationPortraitUpsideDown UIInterfaceOrientationLandscapeLeft UIInterfaceOrientationLandscapeRight";
				INFOPLIST_KEY_UISupportedInterfaceOrientations_iPhone = UIInterfaceOrientationPortrait;
				LD_RUNPATH_SEARCH_PATHS = (
					"$(inherited)",
					"@executable_path/Frameworks",
				);
				MARKETING_VERSION = 0.2.0;
				PRODUCT_BUNDLE_IDENTIFIER = Daniil.CyberGarden;
				PRODUCT_NAME = "$(TARGET_NAME)";
				PROVISIONING_PROFILE_SPECIFIER = "";
				SWIFT_EMIT_LOC_STRINGS = YES;
				SWIFT_VERSION = 5.0;
				TARGETED_DEVICE_FAMILY = 1;
			};
			name = Debug;
		};
		F34884CF270C2F61005B9E5C /* Release */ = {
			isa = XCBuildConfiguration;
			baseConfigurationReference = 2307E3CC0F1FCB64D0B2A630 /* Pods-HackIKTIB.release.xcconfig */;
			buildSettings = {
				ASSETCATALOG_COMPILER_APPICON_NAME = AppIcon;
				ASSETCATALOG_COMPILER_GLOBAL_ACCENT_COLOR_NAME = AccentColor;
				CODE_SIGN_IDENTITY = "Apple Development";
				CODE_SIGN_STYLE = Automatic;
				CURRENT_PROJECT_VERSION = 1;
				DEVELOPMENT_TEAM = RBRFGT8CHB;
				GENERATE_INFOPLIST_FILE = YES;
				INFOPLIST_FILE = HackIKTIB/Info.plist;
				INFOPLIST_KEY_CFBundleDisplayName = "Cyber Garden";
				INFOPLIST_KEY_UIApplicationSupportsIndirectInputEvents = YES;
				INFOPLIST_KEY_UILaunchStoryboardName = LaunchScreen;
				INFOPLIST_KEY_UISupportedInterfaceOrientations = "";
				INFOPLIST_KEY_UISupportedInterfaceOrientations_iPad = "UIInterfaceOrientationPortrait UIInterfaceOrientationPortraitUpsideDown UIInterfaceOrientationLandscapeLeft UIInterfaceOrientationLandscapeRight";
				INFOPLIST_KEY_UISupportedInterfaceOrientations_iPhone = UIInterfaceOrientationPortrait;
				LD_RUNPATH_SEARCH_PATHS = (
					"$(inherited)",
					"@executable_path/Frameworks",
				);
				MARKETING_VERSION = 0.2.0;
				PRODUCT_BUNDLE_IDENTIFIER = Daniil.CyberGarden;
				PRODUCT_NAME = "$(TARGET_NAME)";
				PROVISIONING_PROFILE_SPECIFIER = "";
				SWIFT_EMIT_LOC_STRINGS = YES;
				SWIFT_VERSION = 5.0;
				TARGETED_DEVICE_FAMILY = 1;
			};
			name = Release;
		};
/* End XCBuildConfiguration section */

/* Begin XCConfigurationList section */
		F34884B4270C2F5D005B9E5C /* Build configuration list for PBXProject "HackIKTIB" */ = {
			isa = XCConfigurationList;
			buildConfigurations = (
				F34884CB270C2F61005B9E5C /* Debug */,
				F34884CC270C2F61005B9E5C /* Release */,
			);
			defaultConfigurationIsVisible = 0;
			defaultConfigurationName = Release;
		};
		F34884CD270C2F61005B9E5C /* Build configuration list for PBXNativeTarget "HackIKTIB" */ = {
			isa = XCConfigurationList;
			buildConfigurations = (
				F34884CE270C2F61005B9E5C /* Debug */,
				F34884CF270C2F61005B9E5C /* Release */,
			);
			defaultConfigurationIsVisible = 0;
			defaultConfigurationName = Release;
		};
/* End XCConfigurationList section */
	};
	rootObject = F34884B1270C2F5D005B9E5C /* Project object */;
}
